
Microsoft Visual Studio Solution File, Format Version 12.00
# Visual Studio Version 17
VisualStudioVersion = 17.2.32519.379
MinimumVisualStudioVersion = 10.0.40219.1
Project("{FAE04EC0-301F-11D3-BF4B-00C04F79EFBC}") = "WindowsFormsApp7", "WindowsFormsApp7.csproj", "{293D7128-366C-4321-828F-7917909D7922}"
EndProject
Global
	GlobalSection(SolutionConfigurationPlatforms) = preSolution
		Debug|Any CPU = Debug|Any CPU
		Release|Any CPU = Release|Any CPU
	EndGlobalSection
	GlobalSection(ProjectConfigurationPlatforms) = postSolution
		{293D7128-366C-4321-828F-7917909D7922}.Debug|Any CPU.ActiveCfg = Debug|Any CPU
		{293D7128-366C-4321-828F-7917909D7922}.Debug|Any CPU.Build.0 = Debug|Any CPU
		{293D7128-366C-4321-828F-7917909D7922}.Release|Any CPU.ActiveCfg = Release|Any CPU
		{293D7128-366C-4321-828F-7917909D7922}.Release|Any CPU.Build.0 = Release|Any CPU
	EndGlobalSection
	GlobalSection(SolutionProperties) = preSolution
		HideSolutionNode = FALSE
	EndGlobalSection
	GlobalSection(ExtensibilityGlobals) = postSolution
		SolutionGuid = {60822C62-6246-4163-BC8B-E718D3E8F275}
	EndGlobalSection
EndGlobal
