
Microsoft Visual Studio Solution File, Format Version 12.00
# Visual Studio Version 16
VisualStudioVersion = 16.0.31702.278
MinimumVisualStudioVersion = 10.0.40219.1
Project("{FAE04EC0-301F-11D3-BF4B-00C04F79EFBC}") = "Task3", "Task3.csproj", "{EC0A3CD0-75A6-4568-BFB0-33C59D0C0931}"
EndProject
Global
	GlobalSection(SolutionConfigurationPlatforms) = preSolution
		Debug|Any CPU = Debug|Any CPU
		Release|Any CPU = Release|Any CPU
	EndGlobalSection
	GlobalSection(ProjectConfigurationPlatforms) = postSolution
		{EC0A3CD0-75A6-4568-BFB0-33C59D0C0931}.Debug|Any CPU.ActiveCfg = Debug|Any CPU
		{EC0A3CD0-75A6-4568-BFB0-33C59D0C0931}.Debug|Any CPU.Build.0 = Debug|Any CPU
		{EC0A3CD0-75A6-4568-BFB0-33C59D0C0931}.Release|Any CPU.ActiveCfg = Release|Any CPU
		{EC0A3CD0-75A6-4568-BFB0-33C59D0C0931}.Release|Any CPU.Build.0 = Release|Any CPU
	EndGlobalSection
	GlobalSection(SolutionProperties) = preSolution
		HideSolutionNode = FALSE
	EndGlobalSection
	GlobalSection(ExtensibilityGlobals) = postSolution
		SolutionGuid = {5356D307-9647-4FF2-920F-A2412D90A1AB}
	EndGlobalSection
EndGlobal
