
Microsoft Visual Studio Solution File, Format Version 12.00
# Visual Studio Version 16
VisualStudioVersion = 16.0.31702.278
MinimumVisualStudioVersion = 10.0.40219.1
Project("{FAE04EC0-301F-11D3-BF4B-00C04F79EFBC}") = "Task6.3", "Task6.3.csproj", "{8CAA575D-BECC-40CA-A90B-4D17619297E6}"
EndProject
Global
	GlobalSection(SolutionConfigurationPlatforms) = preSolution
		Debug|Any CPU = Debug|Any CPU
		Release|Any CPU = Release|Any CPU
	EndGlobalSection
	GlobalSection(ProjectConfigurationPlatforms) = postSolution
		{8CAA575D-BECC-40CA-A90B-4D17619297E6}.Debug|Any CPU.ActiveCfg = Debug|Any CPU
		{8CAA575D-BECC-40CA-A90B-4D17619297E6}.Debug|Any CPU.Build.0 = Debug|Any CPU
		{8CAA575D-BECC-40CA-A90B-4D17619297E6}.Release|Any CPU.ActiveCfg = Release|Any CPU
		{8CAA575D-BECC-40CA-A90B-4D17619297E6}.Release|Any CPU.Build.0 = Release|Any CPU
	EndGlobalSection
	GlobalSection(SolutionProperties) = preSolution
		HideSolutionNode = FALSE
	EndGlobalSection
	GlobalSection(ExtensibilityGlobals) = postSolution
		SolutionGuid = {B1AB884C-7030-49EA-83DB-CBC86225562C}
	EndGlobalSection
EndGlobal
