
Microsoft Visual Studio Solution File, Format Version 12.00
# Visual Studio Version 16
VisualStudioVersion = 16.0.31702.278
MinimumVisualStudioVersion = 10.0.40219.1
Project("{FAE04EC0-301F-11D3-BF4B-00C04F79EFBC}") = "Task-----4", "Task-----4.csproj", "{1110911A-97DE-4C06-B282-689221C282E6}"
EndProject
Global
	GlobalSection(SolutionConfigurationPlatforms) = preSolution
		Debug|Any CPU = Debug|Any CPU
		Release|Any CPU = Release|Any CPU
	EndGlobalSection
	GlobalSection(ProjectConfigurationPlatforms) = postSolution
		{1110911A-97DE-4C06-B282-689221C282E6}.Debug|Any CPU.ActiveCfg = Debug|Any CPU
		{1110911A-97DE-4C06-B282-689221C282E6}.Debug|Any CPU.Build.0 = Debug|Any CPU
		{1110911A-97DE-4C06-B282-689221C282E6}.Release|Any CPU.ActiveCfg = Release|Any CPU
		{1110911A-97DE-4C06-B282-689221C282E6}.Release|Any CPU.Build.0 = Release|Any CPU
	EndGlobalSection
	GlobalSection(SolutionProperties) = preSolution
		HideSolutionNode = FALSE
	EndGlobalSection
	GlobalSection(ExtensibilityGlobals) = postSolution
		SolutionGuid = {70747D45-59AD-42F8-88A0-9AF241C607CF}
	EndGlobalSection
EndGlobal
