
Microsoft Visual Studio Solution File, Format Version 12.00
# Visual Studio Version 16
VisualStudioVersion = 16.0.31702.278
MinimumVisualStudioVersion = 10.0.40219.1
Project("{FAE04EC0-301F-11D3-BF4B-00C04F79EFBC}") = "Task1", "Task1.csproj", "{2B2F117A-90DA-4299-A957-A58D5C07D643}"
EndProject
Global
	GlobalSection(SolutionConfigurationPlatforms) = preSolution
		Debug|Any CPU = Debug|Any CPU
		Release|Any CPU = Release|Any CPU
	EndGlobalSection
	GlobalSection(ProjectConfigurationPlatforms) = postSolution
		{2B2F117A-90DA-4299-A957-A58D5C07D643}.Debug|Any CPU.ActiveCfg = Debug|Any CPU
		{2B2F117A-90DA-4299-A957-A58D5C07D643}.Debug|Any CPU.Build.0 = Debug|Any CPU
		{2B2F117A-90DA-4299-A957-A58D5C07D643}.Release|Any CPU.ActiveCfg = Release|Any CPU
		{2B2F117A-90DA-4299-A957-A58D5C07D643}.Release|Any CPU.Build.0 = Release|Any CPU
	EndGlobalSection
	GlobalSection(SolutionProperties) = preSolution
		HideSolutionNode = FALSE
	EndGlobalSection
	GlobalSection(ExtensibilityGlobals) = postSolution
		SolutionGuid = {3646764C-15E2-44D9-9DC5-2205E51F57F8}
	EndGlobalSection
EndGlobal
