
Microsoft Visual Studio Solution File, Format Version 12.00
# Visual Studio Version 16
VisualStudioVersion = 16.0.32106.194
MinimumVisualStudioVersion = 10.0.40219.1
Project("{FAE04EC0-301F-11D3-BF4B-00C04F79EFBC}") = "ConsoleApp4", "ConsoleApp4.csproj", "{2354F522-25A8-4EBA-B73E-5C1E13C389BD}"
EndProject
Global
	GlobalSection(SolutionConfigurationPlatforms) = preSolution
		Debug|Any CPU = Debug|Any CPU
		Release|Any CPU = Release|Any CPU
	EndGlobalSection
	GlobalSection(ProjectConfigurationPlatforms) = postSolution
		{2354F522-25A8-4EBA-B73E-5C1E13C389BD}.Debug|Any CPU.ActiveCfg = Debug|Any CPU
		{2354F522-25A8-4EBA-B73E-5C1E13C389BD}.Debug|Any CPU.Build.0 = Debug|Any CPU
		{2354F522-25A8-4EBA-B73E-5C1E13C389BD}.Release|Any CPU.ActiveCfg = Release|Any CPU
		{2354F522-25A8-4EBA-B73E-5C1E13C389BD}.Release|Any CPU.Build.0 = Release|Any CPU
	EndGlobalSection
	GlobalSection(SolutionProperties) = preSolution
		HideSolutionNode = FALSE
	EndGlobalSection
	GlobalSection(ExtensibilityGlobals) = postSolution
		SolutionGuid = {BD04B9BF-9314-46DE-AE1F-75070D95AE61}
	EndGlobalSection
EndGlobal
